// !$*UTF8*$!
{
	archiveVersion = 1;
	classes = {
	};
	objectVersion = 46;
	objects = {

/* Begin PBXBuildFile section */
		2B55221E1CBD69FF00EF7EBC /* LidarDatabase.cpp in Sources */ = {isa = PBXBuildFile; fileRef = 2B55221C1CBD69FF00EF7EBC /* LidarDatabase.cpp */; };
		2B55222C1CBD701800EF7EBC /* KompexSQLiteBlob.cpp in Sources */ = {isa = PBXBuildFile; fileRef = 2B5522281CBD701800EF7EBC /* KompexSQLiteBlob.cpp */; };
		2B55222D1CBD701800EF7EBC /* KompexSQLiteDatabase.cpp in Sources */ = {isa = PBXBuildFile; fileRef = 2B5522291CBD701800EF7EBC /* KompexSQLiteDatabase.cpp */; };
		2B55222E1CBD701800EF7EBC /* KompexSQLiteStatement.cpp in Sources */ = {isa = PBXBuildFile; fileRef = 2B55222A1CBD701800EF7EBC /* KompexSQLiteStatement.cpp */; };
		2B55222F1CBD701800EF7EBC /* sqlite3.c in Sources */ = {isa = PBXBuildFile; fileRef = 2B55222B1CBD701800EF7EBC /* sqlite3.c */; };
		2B5FB43D1CBC6E46007ECD06 /* libboost_system-mt.dylib in Frameworks */ = {isa = PBXBuildFile; fileRef = 2B5FB43C1CBC6E46007ECD06 /* libboost_system-mt.dylib */; };
		2B5FB43F1CBC6E50007ECD06 /* libboost_filesystem-mt.dylib in Frameworks */ = {isa = PBXBuildFile; fileRef = 2B5FB43E1CBC6E50007ECD06 /* libboost_filesystem-mt.dylib */; };
		2BA6D9B81CB7014A0017E3AF /* main.cpp in Sources */ = {isa = PBXBuildFile; fileRef = 2BA6D9B71CB7014A0017E3AF /* main.cpp */; };
		2BA6DB081CB708170017E3AF /* libsqlite3.tbd in Frameworks */ = {isa = PBXBuildFile; fileRef = 2BA6DB071CB708170017E3AF /* libsqlite3.tbd */; };
		2BA6DB0A1CB708210017E3AF /* libiconv.tbd in Frameworks */ = {isa = PBXBuildFile; fileRef = 2BA6DB091CB708210017E3AF /* libiconv.tbd */; };
		2BA6DB0C1CB7082C0017E3AF /* libxml2.tbd in Frameworks */ = {isa = PBXBuildFile; fileRef = 2BA6DB0B1CB7082C0017E3AF /* libxml2.tbd */; };
		2BA6DB0E1CB7083A0017E3AF /* libz.tbd in Frameworks */ = {isa = PBXBuildFile; fileRef = 2BA6DB0D1CB7083A0017E3AF /* libz.tbd */; };
		2BA6DB101CB708470017E3AF /* libstdc++.tbd in Frameworks */ = {isa = PBXBuildFile; fileRef = 2BA6DB0F1CB708470017E3AF /* libstdc++.tbd */; };
		2BA6DB121CB7084D0017E3AF /* libc++.tbd in Frameworks */ = {isa = PBXBuildFile; fileRef = 2BA6DB111CB7084D0017E3AF /* libc++.tbd */; };
		2BA6DB1B1CB711620017E3AF /* libtiff.a in Frameworks */ = {isa = PBXBuildFile; fileRef = 2BA6DB1A1CB711620017E3AF /* libtiff.a */; };
		2BA6DB1D1CB712D00017E3AF /* libgeotiff.a in Frameworks */ = {isa = PBXBuildFile; fileRef = 2BA6DB1C1CB712D00017E3AF /* libgeotiff.a */; };
		2BA6DBCD1CB84E240017E3AF /* libboost_thread-mt.dylib in Frameworks */ = {isa = PBXBuildFile; fileRef = 2BA6DBCC1CB84E240017E3AF /* libboost_thread-mt.dylib */; };
		2BA6DBD01CB852200017E3AF /* LidarSorter.cpp in Sources */ = {isa = PBXBuildFile; fileRef = 2BA6DBCE1CB852200017E3AF /* LidarSorter.cpp */; };
		2BFC7E391D1214330040E2A3 /* arithmeticdecoder.cpp in Sources */ = {isa = PBXBuildFile; fileRef = 2BFC7E001D1214330040E2A3 /* arithmeticdecoder.cpp */; };
		2BFC7E3A1D1214330040E2A3 /* arithmeticencoder.cpp in Sources */ = {isa = PBXBuildFile; fileRef = 2BFC7E021D1214330040E2A3 /* arithmeticencoder.cpp */; };
		2BFC7E3B1D1214330040E2A3 /* arithmeticmodel.cpp in Sources */ = {isa = PBXBuildFile; fileRef = 2BFC7E041D1214330040E2A3 /* arithmeticmodel.cpp */; };
		2BFC7E3C1D1214330040E2A3 /* integercompressor.cpp in Sources */ = {isa = PBXBuildFile; fileRef = 2BFC7E131D1214330040E2A3 /* integercompressor.cpp */; };
		2BFC7E3D1D1214330040E2A3 /* lasindex.cpp in Sources */ = {isa = PBXBuildFile; fileRef = 2BFC7E161D1214330040E2A3 /* lasindex.cpp */; };
		2BFC7E3E1D1214330040E2A3 /* lasinterval.cpp in Sources */ = {isa = PBXBuildFile; fileRef = 2BFC7E181D1214330040E2A3 /* lasinterval.cpp */; };
		2BFC7E3F1D1214330040E2A3 /* lasquadtree.cpp in Sources */ = {isa = PBXBuildFile; fileRef = 2BFC7E1B1D1214330040E2A3 /* lasquadtree.cpp */; };
		2BFC7E401D1214330040E2A3 /* lasreaditemcompressed_v1.cpp in Sources */ = {isa = PBXBuildFile; fileRef = 2BFC7E1F1D1214330040E2A3 /* lasreaditemcompressed_v1.cpp */; };
		2BFC7E411D1214330040E2A3 /* lasreaditemcompressed_v2.cpp in Sources */ = {isa = PBXBuildFile; fileRef = 2BFC7E211D1214330040E2A3 /* lasreaditemcompressed_v2.cpp */; };
		2BFC7E421D1214330040E2A3 /* lasreadpoint.cpp in Sources */ = {isa = PBXBuildFile; fileRef = 2BFC7E241D1214330040E2A3 /* lasreadpoint.cpp */; };
		2BFC7E431D1214330040E2A3 /* lasunzipper.cpp in Sources */ = {isa = PBXBuildFile; fileRef = 2BFC7E261D1214330040E2A3 /* lasunzipper.cpp */; };
		2BFC7E441D1214330040E2A3 /* laswriteitemcompressed_v1.cpp in Sources */ = {isa = PBXBuildFile; fileRef = 2BFC7E291D1214330040E2A3 /* laswriteitemcompressed_v1.cpp */; };
		2BFC7E451D1214330040E2A3 /* laswriteitemcompressed_v2.cpp in Sources */ = {isa = PBXBuildFile; fileRef = 2BFC7E2B1D1214330040E2A3 /* laswriteitemcompressed_v2.cpp */; };
		2BFC7E461D1214330040E2A3 /* laswritepoint.cpp in Sources */ = {isa = PBXBuildFile; fileRef = 2BFC7E2E1D1214330040E2A3 /* laswritepoint.cpp */; };
		2BFC7E471D1214330040E2A3 /* laszip.cpp in Sources */ = {isa = PBXBuildFile; fileRef = 2BFC7E301D1214330040E2A3 /* laszip.cpp */; };
		2BFC7E481D1214330040E2A3 /* laszip_dll.cpp in Sources */ = {isa = PBXBuildFile; fileRef = 2BFC7E341D1214330040E2A3 /* laszip_dll.cpp */; };
		2BFC7E491D1214330040E2A3 /* laszipper.cpp in Sources */ = {isa = PBXBuildFile; fileRef = 2BFC7E351D1214330040E2A3 /* laszipper.cpp */; };
/* End PBXBuildFile section */

/* Begin PBXCopyFilesBuildPhase section */
		2BA6D9B21CB7014A0017E3AF /* CopyFiles */ = {
			isa = PBXCopyFilesBuildPhase;
			buildActionMask = 2147483647;
			dstPath = /usr/share/man/man1/;
			dstSubfolderSpec = 0;
			files = (
			);
			runOnlyForDeploymentPostprocessing = 1;
		};
/* End PBXCopyFilesBuildPhase section */

/* Begin PBXFileReference section */
		2B55221C1CBD69FF00EF7EBC /* LidarDatabase.cpp */ = {isa = PBXFileReference; fileEncoding = 4; lastKnownFileType = sourcecode.cpp.cpp; path = LidarDatabase.cpp; sourceTree = "<group>"; };
		2B55221D1CBD69FF00EF7EBC /* LidarDatabase.hpp */ = {isa = PBXFileReference; fileEncoding = 4; lastKnownFileType = sourcecode.cpp.h; path = LidarDatabase.hpp; sourceTree = "<group>"; };
		2B5522201CBD700200EF7EBC /* KompexSQLiteBlob.h */ = {isa = PBXFileReference; fileEncoding = 4; lastKnownFileType = sourcecode.c.h; name = KompexSQLiteBlob.h; path = "../../libs/WhirlyGlobe-Maply/third-party/kompex-sqlite-wrapper/include/KompexSQLiteBlob.h"; sourceTree = "<group>"; };
		2B5522211CBD700200EF7EBC /* KompexSQLiteDatabase.h */ = {isa = PBXFileReference; fileEncoding = 4; lastKnownFileType = sourcecode.c.h; name = KompexSQLiteDatabase.h; path = "../../libs/WhirlyGlobe-Maply/third-party/kompex-sqlite-wrapper/include/KompexSQLiteDatabase.h"; sourceTree = "<group>"; };
		2B5522221CBD700200EF7EBC /* KompexSQLiteException.h */ = {isa = PBXFileReference; fileEncoding = 4; lastKnownFileType = sourcecode.c.h; name = KompexSQLiteException.h; path = "../../libs/WhirlyGlobe-Maply/third-party/kompex-sqlite-wrapper/include/KompexSQLiteException.h"; sourceTree = "<group>"; };
		2B5522231CBD700200EF7EBC /* KompexSQLitePrerequisites.h */ = {isa = PBXFileReference; fileEncoding = 4; lastKnownFileType = sourcecode.c.h; name = KompexSQLitePrerequisites.h; path = "../../libs/WhirlyGlobe-Maply/third-party/kompex-sqlite-wrapper/include/KompexSQLitePrerequisites.h"; sourceTree = "<group>"; };
		2B5522241CBD700200EF7EBC /* KompexSQLiteStatement.h */ = {isa = PBXFileReference; fileEncoding = 4; lastKnownFileType = sourcecode.c.h; name = KompexSQLiteStatement.h; path = "../../libs/WhirlyGlobe-Maply/third-party/kompex-sqlite-wrapper/include/KompexSQLiteStatement.h"; sourceTree = "<group>"; };
		2B5522251CBD700200EF7EBC /* KompexSQLiteStreamRedirection.h */ = {isa = PBXFileReference; fileEncoding = 4; lastKnownFileType = sourcecode.c.h; name = KompexSQLiteStreamRedirection.h; path = "../../libs/WhirlyGlobe-Maply/third-party/kompex-sqlite-wrapper/include/KompexSQLiteStreamRedirection.h"; sourceTree = "<group>"; };
		2B5522261CBD700200EF7EBC /* sqlite3.h */ = {isa = PBXFileReference; fileEncoding = 4; lastKnownFileType = sourcecode.c.h; name = sqlite3.h; path = "../../libs/WhirlyGlobe-Maply/third-party/kompex-sqlite-wrapper/include/sqlite3.h"; sourceTree = "<group>"; };
		2B5522271CBD700200EF7EBC /* sqlite3ext.h */ = {isa = PBXFileReference; fileEncoding = 4; lastKnownFileType = sourcecode.c.h; name = sqlite3ext.h; path = "../../libs/WhirlyGlobe-Maply/third-party/kompex-sqlite-wrapper/include/sqlite3ext.h"; sourceTree = "<group>"; };
		2B5522281CBD701800EF7EBC /* KompexSQLiteBlob.cpp */ = {isa = PBXFileReference; fileEncoding = 4; lastKnownFileType = sourcecode.cpp.cpp; name = KompexSQLiteBlob.cpp; path = "../../libs/WhirlyGlobe-Maply/third-party/kompex-sqlite-wrapper/src/KompexSQLiteBlob.cpp"; sourceTree = "<group>"; };
		2B5522291CBD701800EF7EBC /* KompexSQLiteDatabase.cpp */ = {isa = PBXFileReference; fileEncoding = 4; lastKnownFileType = sourcecode.cpp.cpp; name = KompexSQLiteDatabase.cpp; path = "../../libs/WhirlyGlobe-Maply/third-party/kompex-sqlite-wrapper/src/KompexSQLiteDatabase.cpp"; sourceTree = "<group>"; };
		2B55222A1CBD701800EF7EBC /* KompexSQLiteStatement.cpp */ = {isa = PBXFileReference; fileEncoding = 4; lastKnownFileType = sourcecode.cpp.cpp; name = KompexSQLiteStatement.cpp; path = "../../libs/WhirlyGlobe-Maply/third-party/kompex-sqlite-wrapper/src/KompexSQLiteStatement.cpp"; sourceTree = "<group>"; };
		2B55222B1CBD701800EF7EBC /* sqlite3.c */ = {isa = PBXFileReference; fileEncoding = 4; lastKnownFileType = sourcecode.c.c; name = sqlite3.c; path = "../../libs/WhirlyGlobe-Maply/third-party/kompex-sqlite-wrapper/src/sqlite3.c"; sourceTree = "<group>"; };
		2B5FB43C1CBC6E46007ECD06 /* libboost_system-mt.dylib */ = {isa = PBXFileReference; lastKnownFileType = "compiled.mach-o.dylib"; name = "libboost_system-mt.dylib"; path = "../../../../../usr/local/Cellar/boost/1.60.0_1/lib/libboost_system-mt.dylib"; sourceTree = "<group>"; };
		2B5FB43E1CBC6E50007ECD06 /* libboost_filesystem-mt.dylib */ = {isa = PBXFileReference; lastKnownFileType = "compiled.mach-o.dylib"; name = "libboost_filesystem-mt.dylib"; path = "../../../../../usr/local/Cellar/boost/1.60.0_1/lib/libboost_filesystem-mt.dylib"; sourceTree = "<group>"; };
		2BA6D9B41CB7014A0017E3AF /* LidarQuadSort */ = {isa = PBXFileReference; explicitFileType = "compiled.mach-o.executable"; includeInIndex = 0; path = LidarQuadSort; sourceTree = BUILT_PRODUCTS_DIR; };
		2BA6D9B71CB7014A0017E3AF /* main.cpp */ = {isa = PBXFileReference; lastKnownFileType = sourcecode.cpp.cpp; path = main.cpp; sourceTree = "<group>"; };
		2BA6DB071CB708170017E3AF /* libsqlite3.tbd */ = {isa = PBXFileReference; lastKnownFileType = "sourcecode.text-based-dylib-definition"; name = libsqlite3.tbd; path = usr/lib/libsqlite3.tbd; sourceTree = SDKROOT; };
		2BA6DB091CB708210017E3AF /* libiconv.tbd */ = {isa = PBXFileReference; lastKnownFileType = "sourcecode.text-based-dylib-definition"; name = libiconv.tbd; path = usr/lib/libiconv.tbd; sourceTree = SDKROOT; };
		2BA6DB0B1CB7082C0017E3AF /* libxml2.tbd */ = {isa = PBXFileReference; lastKnownFileType = "sourcecode.text-based-dylib-definition"; name = libxml2.tbd; path = usr/lib/libxml2.tbd; sourceTree = SDKROOT; };
		2BA6DB0D1CB7083A0017E3AF /* libz.tbd */ = {isa = PBXFileReference; lastKnownFileType = "sourcecode.text-based-dylib-definition"; name = libz.tbd; path = usr/lib/libz.tbd; sourceTree = SDKROOT; };
		2BA6DB0F1CB708470017E3AF /* libstdc++.tbd */ = {isa = PBXFileReference; lastKnownFileType = "sourcecode.text-based-dylib-definition"; name = "libstdc++.tbd"; path = "usr/lib/libstdc++.tbd"; sourceTree = SDKROOT; };
		2BA6DB111CB7084D0017E3AF /* libc++.tbd */ = {isa = PBXFileReference; lastKnownFileType = "sourcecode.text-based-dylib-definition"; name = "libc++.tbd"; path = "usr/lib/libc++.tbd"; sourceTree = SDKROOT; };
		2BA6DB181CB7111B0017E3AF /* libgdal.a */ = {isa = PBXFileReference; lastKnownFileType = archive.ar; name = libgdal.a; path = ../../../../../usr/local/Cellar/gdal/1.11.1_3/lib/libgdal.a; sourceTree = "<group>"; };
		2BA6DB1A1CB711620017E3AF /* libtiff.a */ = {isa = PBXFileReference; lastKnownFileType = archive.ar; name = libtiff.a; path = ../../../../../usr/local/Cellar/libtiff/4.0.3/lib/libtiff.a; sourceTree = "<group>"; };
		2BA6DB1C1CB712D00017E3AF /* libgeotiff.a */ = {isa = PBXFileReference; lastKnownFileType = archive.ar; name = libgeotiff.a; path = ../../../../../usr/local/Cellar/libgeotiff/1.4.1/lib/libgeotiff.a; sourceTree = "<group>"; };
		2BA6DBCC1CB84E240017E3AF /* libboost_thread-mt.dylib */ = {isa = PBXFileReference; lastKnownFileType = "compiled.mach-o.dylib"; name = "libboost_thread-mt.dylib"; path = "../../../../../usr/local/Cellar/boost/1.60.0_1/lib/libboost_thread-mt.dylib"; sourceTree = "<group>"; };
		2BA6DBCE1CB852200017E3AF /* LidarSorter.cpp */ = {isa = PBXFileReference; fileEncoding = 4; lastKnownFileType = sourcecode.cpp.cpp; path = LidarSorter.cpp; sourceTree = "<group>"; };
		2BA6DBCF1CB852200017E3AF /* LidarSorter.hpp */ = {isa = PBXFileReference; fileEncoding = 4; lastKnownFileType = sourcecode.cpp.h; path = LidarSorter.hpp; sourceTree = "<group>"; };
		2BFC7DFD1D1214330040E2A3 /* laszip_api.h */ = {isa = PBXFileReference; fileEncoding = 4; lastKnownFileType = sourcecode.c.h; path = laszip_api.h; sourceTree = "<group>"; };
		2BFC7DFE1D1214330040E2A3 /* Makefile.am */ = {isa = PBXFileReference; fileEncoding = 4; lastKnownFileType = text; path = Makefile.am; sourceTree = "<group>"; };
		2BFC7E001D1214330040E2A3 /* arithmeticdecoder.cpp */ = {isa = PBXFileReference; fileEncoding = 4; lastKnownFileType = sourcecode.cpp.cpp; path = arithmeticdecoder.cpp; sourceTree = "<group>"; };
		2BFC7E011D1214330040E2A3 /* arithmeticdecoder.hpp */ = {isa = PBXFileReference; fileEncoding = 4; lastKnownFileType = sourcecode.cpp.h; path = arithmeticdecoder.hpp; sourceTree = "<group>"; };
		2BFC7E021D1214330040E2A3 /* arithmeticencoder.cpp */ = {isa = PBXFileReference; fileEncoding = 4; lastKnownFileType = sourcecode.cpp.cpp; path = arithmeticencoder.cpp; sourceTree = "<group>"; };
		2BFC7E031D1214330040E2A3 /* arithmeticencoder.hpp */ = {isa = PBXFileReference; fileEncoding = 4; lastKnownFileType = sourcecode.cpp.h; path = arithmeticencoder.hpp; sourceTree = "<group>"; };
		2BFC7E041D1214330040E2A3 /* arithmeticmodel.cpp */ = {isa = PBXFileReference; fileEncoding = 4; lastKnownFileType = sourcecode.cpp.cpp; path = arithmeticmodel.cpp; sourceTree = "<group>"; };
		2BFC7E051D1214330040E2A3 /* arithmeticmodel.hpp */ = {isa = PBXFileReference; fileEncoding = 4; lastKnownFileType = sourcecode.cpp.h; path = arithmeticmodel.hpp; sourceTree = "<group>"; };
		2BFC7E061D1214330040E2A3 /* bytestreamin.hpp */ = {isa = PBXFileReference; fileEncoding = 4; lastKnownFileType = sourcecode.cpp.h; path = bytestreamin.hpp; sourceTree = "<group>"; };
		2BFC7E071D1214330040E2A3 /* bytestreamin_array.hpp */ = {isa = PBXFileReference; fileEncoding = 4; lastKnownFileType = sourcecode.cpp.h; path = bytestreamin_array.hpp; sourceTree = "<group>"; };
		2BFC7E081D1214330040E2A3 /* bytestreamin_file.hpp */ = {isa = PBXFileReference; fileEncoding = 4; lastKnownFileType = sourcecode.cpp.h; path = bytestreamin_file.hpp; sourceTree = "<group>"; };
		2BFC7E091D1214330040E2A3 /* bytestreamin_istream.hpp */ = {isa = PBXFileReference; fileEncoding = 4; lastKnownFileType = sourcecode.cpp.h; path = bytestreamin_istream.hpp; sourceTree = "<group>"; };
		2BFC7E0A1D1214330040E2A3 /* bytestreaminout.hpp */ = {isa = PBXFileReference; fileEncoding = 4; lastKnownFileType = sourcecode.cpp.h; path = bytestreaminout.hpp; sourceTree = "<group>"; };
		2BFC7E0B1D1214330040E2A3 /* bytestreaminout_file.hpp */ = {isa = PBXFileReference; fileEncoding = 4; lastKnownFileType = sourcecode.cpp.h; path = bytestreaminout_file.hpp; sourceTree = "<group>"; };
		2BFC7E0C1D1214330040E2A3 /* bytestreamout.hpp */ = {isa = PBXFileReference; fileEncoding = 4; lastKnownFileType = sourcecode.cpp.h; path = bytestreamout.hpp; sourceTree = "<group>"; };
		2BFC7E0D1D1214330040E2A3 /* bytestreamout_array.hpp */ = {isa = PBXFileReference; fileEncoding = 4; lastKnownFileType = sourcecode.cpp.h; path = bytestreamout_array.hpp; sourceTree = "<group>"; };
		2BFC7E0E1D1214330040E2A3 /* bytestreamout_file.hpp */ = {isa = PBXFileReference; fileEncoding = 4; lastKnownFileType = sourcecode.cpp.h; path = bytestreamout_file.hpp; sourceTree = "<group>"; };
		2BFC7E0F1D1214330040E2A3 /* bytestreamout_nil.hpp */ = {isa = PBXFileReference; fileEncoding = 4; lastKnownFileType = sourcecode.cpp.h; path = bytestreamout_nil.hpp; sourceTree = "<group>"; };
		2BFC7E101D1214330040E2A3 /* bytestreamout_ostream.hpp */ = {isa = PBXFileReference; fileEncoding = 4; lastKnownFileType = sourcecode.cpp.h; path = bytestreamout_ostream.hpp; sourceTree = "<group>"; };
		2BFC7E121D1214330040E2A3 /* endian.hpp */ = {isa = PBXFileReference; fileEncoding = 4; lastKnownFileType = sourcecode.cpp.h; path = endian.hpp; sourceTree = "<group>"; };
		2BFC7E131D1214330040E2A3 /* integercompressor.cpp */ = {isa = PBXFileReference; fileEncoding = 4; lastKnownFileType = sourcecode.cpp.cpp; path = integercompressor.cpp; sourceTree = "<group>"; };
		2BFC7E141D1214330040E2A3 /* integercompressor.hpp */ = {isa = PBXFileReference; fileEncoding = 4; lastKnownFileType = sourcecode.cpp.h; path = integercompressor.hpp; sourceTree = "<group>"; };
		2BFC7E151D1214330040E2A3 /* lasattributer.hpp */ = {isa = PBXFileReference; fileEncoding = 4; lastKnownFileType = sourcecode.cpp.h; path = lasattributer.hpp; sourceTree = "<group>"; };
		2BFC7E161D1214330040E2A3 /* lasindex.cpp */ = {isa = PBXFileReference; fileEncoding = 4; lastKnownFileType = sourcecode.cpp.cpp; path = lasindex.cpp; sourceTree = "<group>"; };
		2BFC7E171D1214330040E2A3 /* lasindex.hpp */ = {isa = PBXFileReference; fileEncoding = 4; lastKnownFileType = sourcecode.cpp.h; path = lasindex.hpp; sourceTree = "<group>"; };
		2BFC7E181D1214330040E2A3 /* lasinterval.cpp */ = {isa = PBXFileReference; fileEncoding = 4; lastKnownFileType = sourcecode.cpp.cpp; path = lasinterval.cpp; sourceTree = "<group>"; };
		2BFC7E191D1214330040E2A3 /* lasinterval.hpp */ = {isa = PBXFileReference; fileEncoding = 4; lastKnownFileType = sourcecode.cpp.h; path = lasinterval.hpp; sourceTree = "<group>"; };
		2BFC7E1A1D1214330040E2A3 /* laspoint.hpp */ = {isa = PBXFileReference; fileEncoding = 4; lastKnownFileType = sourcecode.cpp.h; path = laspoint.hpp; sourceTree = "<group>"; };
		2BFC7E1B1D1214330040E2A3 /* lasquadtree.cpp */ = {isa = PBXFileReference; fileEncoding = 4; lastKnownFileType = sourcecode.cpp.cpp; path = lasquadtree.cpp; sourceTree = "<group>"; };
		2BFC7E1C1D1214330040E2A3 /* lasquadtree.hpp */ = {isa = PBXFileReference; fileEncoding = 4; lastKnownFileType = sourcecode.cpp.h; path = lasquadtree.hpp; sourceTree = "<group>"; };
		2BFC7E1D1D1214330040E2A3 /* lasquantizer.hpp */ = {isa = PBXFileReference; fileEncoding = 4; lastKnownFileType = sourcecode.cpp.h; path = lasquantizer.hpp; sourceTree = "<group>"; };
		2BFC7E1E1D1214330040E2A3 /* lasreaditem.hpp */ = {isa = PBXFileReference; fileEncoding = 4; lastKnownFileType = sourcecode.cpp.h; path = lasreaditem.hpp; sourceTree = "<group>"; };
		2BFC7E1F1D1214330040E2A3 /* lasreaditemcompressed_v1.cpp */ = {isa = PBXFileReference; fileEncoding = 4; lastKnownFileType = sourcecode.cpp.cpp; path = lasreaditemcompressed_v1.cpp; sourceTree = "<group>"; };
		2BFC7E201D1214330040E2A3 /* lasreaditemcompressed_v1.hpp */ = {isa = PBXFileReference; fileEncoding = 4; lastKnownFileType = sourcecode.cpp.h; path = lasreaditemcompressed_v1.hpp; sourceTree = "<group>"; };
		2BFC7E211D1214330040E2A3 /* lasreaditemcompressed_v2.cpp */ = {isa = PBXFileReference; fileEncoding = 4; lastKnownFileType = sourcecode.cpp.cpp; path = lasreaditemcompressed_v2.cpp; sourceTree = "<group>"; };
		2BFC7E221D1214330040E2A3 /* lasreaditemcompressed_v2.hpp */ = {isa = PBXFileReference; fileEncoding = 4; lastKnownFileType = sourcecode.cpp.h; path = lasreaditemcompressed_v2.hpp; sourceTree = "<group>"; };
		2BFC7E231D1214330040E2A3 /* lasreaditemraw.hpp */ = {isa = PBXFileReference; fileEncoding = 4; lastKnownFileType = sourcecode.cpp.h; path = lasreaditemraw.hpp; sourceTree = "<group>"; };
		2BFC7E241D1214330040E2A3 /* lasreadpoint.cpp */ = {isa = PBXFileReference; fileEncoding = 4; lastKnownFileType = sourcecode.cpp.cpp; path = lasreadpoint.cpp; sourceTree = "<group>"; };
		2BFC7E251D1214330040E2A3 /* lasreadpoint.hpp */ = {isa = PBXFileReference; fileEncoding = 4; lastKnownFileType = sourcecode.cpp.h; path = lasreadpoint.hpp; sourceTree = "<group>"; };
		2BFC7E261D1214330040E2A3 /* lasunzipper.cpp */ = {isa = PBXFileReference; fileEncoding = 4; lastKnownFileType = sourcecode.cpp.cpp; path = lasunzipper.cpp; sourceTree = "<group>"; };
		2BFC7E271D1214330040E2A3 /* lasunzipper.hpp */ = {isa = PBXFileReference; fileEncoding = 4; lastKnownFileType = sourcecode.cpp.h; path = lasunzipper.hpp; sourceTree = "<group>"; };
		2BFC7E281D1214330040E2A3 /* laswriteitem.hpp */ = {isa = PBXFileReference; fileEncoding = 4; lastKnownFileType = sourcecode.cpp.h; path = laswriteitem.hpp; sourceTree = "<group>"; };
		2BFC7E291D1214330040E2A3 /* laswriteitemcompressed_v1.cpp */ = {isa = PBXFileReference; fileEncoding = 4; lastKnownFileType = sourcecode.cpp.cpp; path = laswriteitemcompressed_v1.cpp; sourceTree = "<group>"; };
		2BFC7E2A1D1214330040E2A3 /* laswriteitemcompressed_v1.hpp */ = {isa = PBXFileReference; fileEncoding = 4; lastKnownFileType = sourcecode.cpp.h; path = laswriteitemcompressed_v1.hpp; sourceTree = "<group>"; };
		2BFC7E2B1D1214330040E2A3 /* laswriteitemcompressed_v2.cpp */ = {isa = PBXFileReference; fileEncoding = 4; lastKnownFileType = sourcecode.cpp.cpp; path = laswriteitemcompressed_v2.cpp; sourceTree = "<group>"; };
		2BFC7E2C1D1214330040E2A3 /* laswriteitemcompressed_v2.hpp */ = {isa = PBXFileReference; fileEncoding = 4; lastKnownFileType = sourcecode.cpp.h; path = laswriteitemcompressed_v2.hpp; sourceTree = "<group>"; };
		2BFC7E2D1D1214330040E2A3 /* laswriteitemraw.hpp */ = {isa = PBXFileReference; fileEncoding = 4; lastKnownFileType = sourcecode.cpp.h; path = laswriteitemraw.hpp; sourceTree = "<group>"; };
		2BFC7E2E1D1214330040E2A3 /* laswritepoint.cpp */ = {isa = PBXFileReference; fileEncoding = 4; lastKnownFileType = sourcecode.cpp.cpp; path = laswritepoint.cpp; sourceTree = "<group>"; };
		2BFC7E2F1D1214330040E2A3 /* laswritepoint.hpp */ = {isa = PBXFileReference; fileEncoding = 4; lastKnownFileType = sourcecode.cpp.h; path = laswritepoint.hpp; sourceTree = "<group>"; };
		2BFC7E301D1214330040E2A3 /* laszip.cpp */ = {isa = PBXFileReference; fileEncoding = 4; lastKnownFileType = sourcecode.cpp.cpp; path = laszip.cpp; sourceTree = "<group>"; };
		2BFC7E311D1214330040E2A3 /* laszip.hpp */ = {isa = PBXFileReference; fileEncoding = 4; lastKnownFileType = sourcecode.cpp.h; path = laszip.hpp; sourceTree = "<group>"; };
		2BFC7E321D1214330040E2A3 /* laszip_common_v1.hpp */ = {isa = PBXFileReference; fileEncoding = 4; lastKnownFileType = sourcecode.cpp.h; path = laszip_common_v1.hpp; sourceTree = "<group>"; };
		2BFC7E331D1214330040E2A3 /* laszip_common_v2.hpp */ = {isa = PBXFileReference; fileEncoding = 4; lastKnownFileType = sourcecode.cpp.h; path = laszip_common_v2.hpp; sourceTree = "<group>"; };
		2BFC7E341D1214330040E2A3 /* laszip_dll.cpp */ = {isa = PBXFileReference; fileEncoding = 4; lastKnownFileType = sourcecode.cpp.cpp; path = laszip_dll.cpp; sourceTree = "<group>"; };
		2BFC7E351D1214330040E2A3 /* laszipper.cpp */ = {isa = PBXFileReference; fileEncoding = 4; lastKnownFileType = sourcecode.cpp.cpp; path = laszipper.cpp; sourceTree = "<group>"; };
		2BFC7E361D1214330040E2A3 /* laszipper.hpp */ = {isa = PBXFileReference; fileEncoding = 4; lastKnownFileType = sourcecode.cpp.h; path = laszipper.hpp; sourceTree = "<group>"; };
		2BFC7E381D1214330040E2A3 /* mydefs.hpp */ = {isa = PBXFileReference; fileEncoding = 4; lastKnownFileType = sourcecode.cpp.h; path = mydefs.hpp; sourceTree = "<group>"; };
/* End PBXFileReference section */

/* Begin PBXFrameworksBuildPhase section */
		2BA6D9B11CB7014A0017E3AF /* Frameworks */ = {
			isa = PBXFrameworksBuildPhase;
			buildActionMask = 2147483647;
			files = (
				2BA6DB1B1CB711620017E3AF /* libtiff.a in Frameworks */,
				2BA6DB121CB7084D0017E3AF /* libc++.tbd in Frameworks */,
				2B5FB43F1CBC6E50007ECD06 /* libboost_filesystem-mt.dylib in Frameworks */,
				2BA6DB101CB708470017E3AF /* libstdc++.tbd in Frameworks */,
				2BA6DB0E1CB7083A0017E3AF /* libz.tbd in Frameworks */,
				2BA6DB0C1CB7082C0017E3AF /* libxml2.tbd in Frameworks */,
				2BA6DBCD1CB84E240017E3AF /* libboost_thread-mt.dylib in Frameworks */,
				2BA6DB0A1CB708210017E3AF /* libiconv.tbd in Frameworks */,
				2BA6DB081CB708170017E3AF /* libsqlite3.tbd in Frameworks */,
				2BA6DB1D1CB712D00017E3AF /* libgeotiff.a in Frameworks */,
				2B5FB43D1CBC6E46007ECD06 /* libboost_system-mt.dylib in Frameworks */,
			);
			runOnlyForDeploymentPostprocessing = 0;
		};
/* End PBXFrameworksBuildPhase section */

/* Begin PBXGroup section */
		2B55221F1CBD6FD800EF7EBC /* Kompex */ = {
			isa = PBXGroup;
			children = (
				2B5522281CBD701800EF7EBC /* KompexSQLiteBlob.cpp */,
				2B5522291CBD701800EF7EBC /* KompexSQLiteDatabase.cpp */,
				2B55222A1CBD701800EF7EBC /* KompexSQLiteStatement.cpp */,
				2B55222B1CBD701800EF7EBC /* sqlite3.c */,
				2B5522201CBD700200EF7EBC /* KompexSQLiteBlob.h */,
				2B5522211CBD700200EF7EBC /* KompexSQLiteDatabase.h */,
				2B5522221CBD700200EF7EBC /* KompexSQLiteException.h */,
				2B5522231CBD700200EF7EBC /* KompexSQLitePrerequisites.h */,
				2B5522241CBD700200EF7EBC /* KompexSQLiteStatement.h */,
				2B5522251CBD700200EF7EBC /* KompexSQLiteStreamRedirection.h */,
				2B5522261CBD700200EF7EBC /* sqlite3.h */,
				2B5522271CBD700200EF7EBC /* sqlite3ext.h */,
			);
			name = Kompex;
			sourceTree = "<group>";
		};
		2BA6D9AB1CB7014A0017E3AF = {
			isa = PBXGroup;
			children = (
				2BA6DB111CB7084D0017E3AF /* libc++.tbd */,
				2BA6DB0F1CB708470017E3AF /* libstdc++.tbd */,
				2BA6DB0D1CB7083A0017E3AF /* libz.tbd */,
				2BA6DB181CB7111B0017E3AF /* libgdal.a */,
				2BA6DB1A1CB711620017E3AF /* libtiff.a */,
				2BA6DB0B1CB7082C0017E3AF /* libxml2.tbd */,
				2BA6DB1C1CB712D00017E3AF /* libgeotiff.a */,
				2BA6DB091CB708210017E3AF /* libiconv.tbd */,
				2BA6DB071CB708170017E3AF /* libsqlite3.tbd */,
				2BA6DBCC1CB84E240017E3AF /* libboost_thread-mt.dylib */,
				2B5FB43C1CBC6E46007ECD06 /* libboost_system-mt.dylib */,
				2B5FB43E1CBC6E50007ECD06 /* libboost_filesystem-mt.dylib */,
				2BA6D9B61CB7014A0017E3AF /* LidarQuadSort */,
				2BA6D9B51CB7014A0017E3AF /* Products */,
			);
			sourceTree = "<group>";
		};
		2BA6D9B51CB7014A0017E3AF /* Products */ = {
			isa = PBXGroup;
			children = (
				2BA6D9B41CB7014A0017E3AF /* LidarQuadSort */,
			);
			name = Products;
			sourceTree = "<group>";
		};
		2BA6D9B61CB7014A0017E3AF /* LidarQuadSort */ = {
			isa = PBXGroup;
			children = (
				2B55221F1CBD6FD800EF7EBC /* Kompex */,
				2BA6DA0E1CB701A20017E3AF /* laszip */,
				2B55221D1CBD69FF00EF7EBC /* LidarDatabase.hpp */,
				2B55221C1CBD69FF00EF7EBC /* LidarDatabase.cpp */,
				2BA6DBCF1CB852200017E3AF /* LidarSorter.hpp */,
				2BA6DBCE1CB852200017E3AF /* LidarSorter.cpp */,
				2BA6D9B71CB7014A0017E3AF /* main.cpp */,
			);
			path = LidarQuadSort;
			sourceTree = "<group>";
		};
		2BA6DA0E1CB701A20017E3AF /* laszip */ = {
			isa = PBXGroup;
			children = (
				2BFC7DFB1D1214330040E2A3 /* include */,
				2BFC7DFF1D1214330040E2A3 /* src */,
			);
			name = laszip;
			sourceTree = "<group>";
		};
		2BFC7DFB1D1214330040E2A3 /* include */ = {
			isa = PBXGroup;
			children = (
				2BFC7DFC1D1214330040E2A3 /* laszip */,
			);
			name = include;
			path = ../../libs/LASzip/include;
			sourceTree = "<group>";
		};
		2BFC7DFC1D1214330040E2A3 /* laszip */ = {
			isa = PBXGroup;
			children = (
				2BFC7DFD1D1214330040E2A3 /* laszip_api.h */,
				2BFC7DFE1D1214330040E2A3 /* Makefile.am */,
			);
			path = laszip;
			sourceTree = "<group>";
		};
		2BFC7DFF1D1214330040E2A3 /* src */ = {
			isa = PBXGroup;
			children = (
				2BFC7E001D1214330040E2A3 /* arithmeticdecoder.cpp */,
				2BFC7E011D1214330040E2A3 /* arithmeticdecoder.hpp */,
				2BFC7E021D1214330040E2A3 /* arithmeticencoder.cpp */,
				2BFC7E031D1214330040E2A3 /* arithmeticencoder.hpp */,
				2BFC7E041D1214330040E2A3 /* arithmeticmodel.cpp */,
				2BFC7E051D1214330040E2A3 /* arithmeticmodel.hpp */,
				2BFC7E061D1214330040E2A3 /* bytestreamin.hpp */,
				2BFC7E071D1214330040E2A3 /* bytestreamin_array.hpp */,
				2BFC7E081D1214330040E2A3 /* bytestreamin_file.hpp */,
				2BFC7E091D1214330040E2A3 /* bytestreamin_istream.hpp */,
				2BFC7E0A1D1214330040E2A3 /* bytestreaminout.hpp */,
				2BFC7E0B1D1214330040E2A3 /* bytestreaminout_file.hpp */,
				2BFC7E0C1D1214330040E2A3 /* bytestreamout.hpp */,
				2BFC7E0D1D1214330040E2A3 /* bytestreamout_array.hpp */,
				2BFC7E0E1D1214330040E2A3 /* bytestreamout_file.hpp */,
				2BFC7E0F1D1214330040E2A3 /* bytestreamout_nil.hpp */,
				2BFC7E101D1214330040E2A3 /* bytestreamout_ostream.hpp */,
				2BFC7E121D1214330040E2A3 /* endian.hpp */,
				2BFC7E131D1214330040E2A3 /* integercompressor.cpp */,
				2BFC7E141D1214330040E2A3 /* integercompressor.hpp */,
				2BFC7E151D1214330040E2A3 /* lasattributer.hpp */,
				2BFC7E161D1214330040E2A3 /* lasindex.cpp */,
				2BFC7E171D1214330040E2A3 /* lasindex.hpp */,
				2BFC7E181D1214330040E2A3 /* lasinterval.cpp */,
				2BFC7E191D1214330040E2A3 /* lasinterval.hpp */,
				2BFC7E1A1D1214330040E2A3 /* laspoint.hpp */,
				2BFC7E1B1D1214330040E2A3 /* lasquadtree.cpp */,
				2BFC7E1C1D1214330040E2A3 /* lasquadtree.hpp */,
				2BFC7E1D1D1214330040E2A3 /* lasquantizer.hpp */,
				2BFC7E1E1D1214330040E2A3 /* lasreaditem.hpp */,
				2BFC7E1F1D1214330040E2A3 /* lasreaditemcompressed_v1.cpp */,
				2BFC7E201D1214330040E2A3 /* lasreaditemcompressed_v1.hpp */,
				2BFC7E211D1214330040E2A3 /* lasreaditemcompressed_v2.cpp */,
				2BFC7E221D1214330040E2A3 /* lasreaditemcompressed_v2.hpp */,
				2BFC7E231D1214330040E2A3 /* lasreaditemraw.hpp */,
				2BFC7E241D1214330040E2A3 /* lasreadpoint.cpp */,
				2BFC7E251D1214330040E2A3 /* lasreadpoint.hpp */,
				2BFC7E261D1214330040E2A3 /* lasunzipper.cpp */,
				2BFC7E271D1214330040E2A3 /* lasunzipper.hpp */,
				2BFC7E281D1214330040E2A3 /* laswriteitem.hpp */,
				2BFC7E291D1214330040E2A3 /* laswriteitemcompressed_v1.cpp */,
				2BFC7E2A1D1214330040E2A3 /* laswriteitemcompressed_v1.hpp */,
				2BFC7E2B1D1214330040E2A3 /* laswriteitemcompressed_v2.cpp */,
				2BFC7E2C1D1214330040E2A3 /* laswriteitemcompressed_v2.hpp */,
				2BFC7E2D1D1214330040E2A3 /* laswriteitemraw.hpp */,
				2BFC7E2E1D1214330040E2A3 /* laswritepoint.cpp */,
				2BFC7E2F1D1214330040E2A3 /* laswritepoint.hpp */,
				2BFC7E301D1214330040E2A3 /* laszip.cpp */,
				2BFC7E311D1214330040E2A3 /* laszip.hpp */,
				2BFC7E321D1214330040E2A3 /* laszip_common_v1.hpp */,
				2BFC7E331D1214330040E2A3 /* laszip_common_v2.hpp */,
				2BFC7E341D1214330040E2A3 /* laszip_dll.cpp */,
				2BFC7E351D1214330040E2A3 /* laszipper.cpp */,
				2BFC7E361D1214330040E2A3 /* laszipper.hpp */,
				2BFC7E381D1214330040E2A3 /* mydefs.hpp */,
			);
			name = src;
			path = ../../libs/LASzip/src;
			sourceTree = "<group>";
		};
/* End PBXGroup section */

/* Begin PBXNativeTarget section */
		2BA6D9B31CB7014A0017E3AF /* LidarQuadSort */ = {
			isa = PBXNativeTarget;
			buildConfigurationList = 2BA6D9BB1CB7014A0017E3AF /* Build configuration list for PBXNativeTarget "LidarQuadSort" */;
			buildPhases = (
				2BA6D9B01CB7014A0017E3AF /* Sources */,
				2BA6D9B11CB7014A0017E3AF /* Frameworks */,
				2BA6D9B21CB7014A0017E3AF /* CopyFiles */,
			);
			buildRules = (
			);
			dependencies = (
			);
			name = LidarQuadSort;
			productName = LidarQuadSort;
			productReference = 2BA6D9B41CB7014A0017E3AF /* LidarQuadSort */;
			productType = "com.apple.product-type.tool";
		};
/* End PBXNativeTarget section */

/* Begin PBXProject section */
		2BA6D9AC1CB7014A0017E3AF /* Project object */ = {
			isa = PBXProject;
			attributes = {
				LastUpgradeCheck = 0730;
				ORGANIZATIONNAME = "mousebird consulting";
				TargetAttributes = {
					2BA6D9B31CB7014A0017E3AF = {
						CreatedOnToolsVersion = 7.3;
					};
				};
			};
			buildConfigurationList = 2BA6D9AF1CB7014A0017E3AF /* Build configuration list for PBXProject "LidarQuadSort" */;
			compatibilityVersion = "Xcode 3.2";
			developmentRegion = English;
			hasScannedForEncodings = 0;
			knownRegions = (
				en,
			);
			mainGroup = 2BA6D9AB1CB7014A0017E3AF;
			productRefGroup = 2BA6D9B51CB7014A0017E3AF /* Products */;
			projectDirPath = "";
			projectRoot = "";
			targets = (
				2BA6D9B31CB7014A0017E3AF /* LidarQuadSort */,
			);
		};
/* End PBXProject section */

/* Begin PBXSourcesBuildPhase section */
		2BA6D9B01CB7014A0017E3AF /* Sources */ = {
			isa = PBXSourcesBuildPhase;
			buildActionMask = 2147483647;
			files = (
				2BFC7E491D1214330040E2A3 /* laszipper.cpp in Sources */,
				2B55222E1CBD701800EF7EBC /* KompexSQLiteStatement.cpp in Sources */,
				2BFC7E3E1D1214330040E2A3 /* lasinterval.cpp in Sources */,
				2BFC7E3B1D1214330040E2A3 /* arithmeticmodel.cpp in Sources */,
				2BFC7E421D1214330040E2A3 /* lasreadpoint.cpp in Sources */,
				2BFC7E451D1214330040E2A3 /* laswriteitemcompressed_v2.cpp in Sources */,
				2BFC7E461D1214330040E2A3 /* laswritepoint.cpp in Sources */,
				2BFC7E3F1D1214330040E2A3 /* lasquadtree.cpp in Sources */,
				2BFC7E411D1214330040E2A3 /* lasreaditemcompressed_v2.cpp in Sources */,
				2BFC7E481D1214330040E2A3 /* laszip_dll.cpp in Sources */,
				2BA6D9B81CB7014A0017E3AF /* main.cpp in Sources */,
				2BFC7E3C1D1214330040E2A3 /* integercompressor.cpp in Sources */,
				2B55222F1CBD701800EF7EBC /* sqlite3.c in Sources */,
				2BFC7E401D1214330040E2A3 /* lasreaditemcompressed_v1.cpp in Sources */,
				2B55222D1CBD701800EF7EBC /* KompexSQLiteDatabase.cpp in Sources */,
				2BA6DBD01CB852200017E3AF /* LidarSorter.cpp in Sources */,
				2B55222C1CBD701800EF7EBC /* KompexSQLiteBlob.cpp in Sources */,
				2BFC7E441D1214330040E2A3 /* laswriteitemcompressed_v1.cpp in Sources */,
				2BFC7E431D1214330040E2A3 /* lasunzipper.cpp in Sources */,
				2BFC7E3A1D1214330040E2A3 /* arithmeticencoder.cpp in Sources */,
				2BFC7E471D1214330040E2A3 /* laszip.cpp in Sources */,
				2BFC7E3D1D1214330040E2A3 /* lasindex.cpp in Sources */,
				2BFC7E391D1214330040E2A3 /* arithmeticdecoder.cpp in Sources */,
				2B55221E1CBD69FF00EF7EBC /* LidarDatabase.cpp in Sources */,
			);
			runOnlyForDeploymentPostprocessing = 0;
		};
/* End PBXSourcesBuildPhase section */

/* Begin XCBuildConfiguration section */
		2BA6D9B91CB7014A0017E3AF /* Debug */ = {
			isa = XCBuildConfiguration;
			buildSettings = {
				ALWAYS_SEARCH_USER_PATHS = NO;
				CLANG_ANALYZER_NONNULL = YES;
				CLANG_CXX_LANGUAGE_STANDARD = "gnu++0x";
				CLANG_CXX_LIBRARY = "libc++";
				CLANG_ENABLE_MODULES = YES;
				CLANG_ENABLE_OBJC_ARC = YES;
				CLANG_WARN_BOOL_CONVERSION = YES;
				CLANG_WARN_CONSTANT_CONVERSION = YES;
				CLANG_WARN_DIRECT_OBJC_ISA_USAGE = YES_ERROR;
				CLANG_WARN_EMPTY_BODY = YES;
				CLANG_WARN_ENUM_CONVERSION = YES;
				CLANG_WARN_INT_CONVERSION = YES;
				CLANG_WARN_OBJC_ROOT_CLASS = YES_ERROR;
				CLANG_WARN_UNREACHABLE_CODE = YES;
				CLANG_WARN__DUPLICATE_METHOD_MATCH = YES;
				CODE_SIGN_IDENTITY = "-";
				COPY_PHASE_STRIP = NO;
				DEBUG_INFORMATION_FORMAT = dwarf;
				ENABLE_STRICT_OBJC_MSGSEND = YES;
				ENABLE_TESTABILITY = YES;
				GCC_C_LANGUAGE_STANDARD = gnu99;
				GCC_DYNAMIC_NO_PIC = NO;
				GCC_NO_COMMON_BLOCKS = YES;
				GCC_OPTIMIZATION_LEVEL = 0;
				GCC_PREPROCESSOR_DEFINITIONS = (
					"DEBUG=1",
					"$(inherited)",
					"LASZIPDLL_EXPORTS=1",
					"UNORDERED=1",
				);
				GCC_WARN_64_TO_32_BIT_CONVERSION = YES;
				GCC_WARN_ABOUT_RETURN_TYPE = YES_ERROR;
				GCC_WARN_UNDECLARED_SELECTOR = YES;
				GCC_WARN_UNINITIALIZED_AUTOS = YES_AGGRESSIVE;
				GCC_WARN_UNUSED_FUNCTION = YES;
				GCC_WARN_UNUSED_VARIABLE = YES;
				MACOSX_DEPLOYMENT_TARGET = 10.11;
				MTL_ENABLE_DEBUG_INFO = YES;
				ONLY_ACTIVE_ARCH = YES;
				SDKROOT = macosx;
			};
			name = Debug;
		};
		2BA6D9BA1CB7014A0017E3AF /* Release */ = {
			isa = XCBuildConfiguration;
			buildSettings = {
				ALWAYS_SEARCH_USER_PATHS = NO;
				CLANG_ANALYZER_NONNULL = YES;
				CLANG_CXX_LANGUAGE_STANDARD = "gnu++0x";
				CLANG_CXX_LIBRARY = "libc++";
				CLANG_ENABLE_MODULES = YES;
				CLANG_ENABLE_OBJC_ARC = YES;
				CLANG_WARN_BOOL_CONVERSION = YES;
				CLANG_WARN_CONSTANT_CONVERSION = YES;
				CLANG_WARN_DIRECT_OBJC_ISA_USAGE = YES_ERROR;
				CLANG_WARN_EMPTY_BODY = YES;
				CLANG_WARN_ENUM_CONVERSION = YES;
				CLANG_WARN_INT_CONVERSION = YES;
				CLANG_WARN_OBJC_ROOT_CLASS = YES_ERROR;
				CLANG_WARN_UNREACHABLE_CODE = YES;
				CLANG_WARN__DUPLICATE_METHOD_MATCH = YES;
				CODE_SIGN_IDENTITY = "-";
				COPY_PHASE_STRIP = NO;
				DEBUG_INFORMATION_FORMAT = "dwarf-with-dsym";
				ENABLE_NS_ASSERTIONS = NO;
				ENABLE_STRICT_OBJC_MSGSEND = YES;
				GCC_C_LANGUAGE_STANDARD = gnu99;
				GCC_NO_COMMON_BLOCKS = YES;
				GCC_PREPROCESSOR_DEFINITIONS = (
					"UNORDERED=1",
					"LASZIPDLL_EXPORTS=1",
				);
				GCC_WARN_64_TO_32_BIT_CONVERSION = YES;
				GCC_WARN_ABOUT_RETURN_TYPE = YES_ERROR;
				GCC_WARN_UNDECLARED_SELECTOR = YES;
				GCC_WARN_UNINITIALIZED_AUTOS = YES_AGGRESSIVE;
				GCC_WARN_UNUSED_FUNCTION = YES;
				GCC_WARN_UNUSED_VARIABLE = YES;
				MACOSX_DEPLOYMENT_TARGET = 10.11;
				MTL_ENABLE_DEBUG_INFO = NO;
				SDKROOT = macosx;
			};
			name = Release;
		};
		2BA6D9BC1CB7014A0017E3AF /* Debug */ = {
			isa = XCBuildConfiguration;
			buildSettings = {
				HEADER_SEARCH_PATHS = (
					/usr/local/Cellar/boost/1.55.0_1/include,
					/usr/local/Cellar/libgeotiff/1.4.1/include,
					/usr/local/Cellar/libtiff/4.0.3/include,
				);
				LIBRARY_SEARCH_PATHS = (
					/usr/local/Cellar/gdal/1.11.1_3/lib,
					/usr/local/Cellar/libtiff/4.0.3/lib,
					/usr/local/Cellar/libgeotiff/1.4.1/lib,
					/usr/local/Cellar/boost/1.60.0_1/lib,
				);
				OTHER_CPLUSPLUSFLAGS = "$(OTHER_CFLAGS)";
				PRODUCT_NAME = "$(TARGET_NAME)";
			};
			name = Debug;
		};
		2BA6D9BD1CB7014A0017E3AF /* Release */ = {
			isa = XCBuildConfiguration;
			buildSettings = {
				HEADER_SEARCH_PATHS = (
					/usr/local/Cellar/boost/1.55.0_1/include,
					/usr/local/Cellar/libgeotiff/1.4.1/include,
					/usr/local/Cellar/libtiff/4.0.3/include,
				);
				LIBRARY_SEARCH_PATHS = (
					/usr/local/Cellar/gdal/1.11.1_3/lib,
					/usr/local/Cellar/libtiff/4.0.3/lib,
					/usr/local/Cellar/libgeotiff/1.4.1/lib,
					/usr/local/Cellar/boost/1.60.0_1/lib,
				);
				OTHER_CPLUSPLUSFLAGS = "$(OTHER_CFLAGS)";
				PRODUCT_NAME = "$(TARGET_NAME)";
			};
			name = Release;
		};
/* End XCBuildConfiguration section */

/* Begin XCConfigurationList section */
		2BA6D9AF1CB7014A0017E3AF /* Build configuration list for PBXProject "LidarQuadSort" */ = {
			isa = XCConfigurationList;
			buildConfigurations = (
				2BA6D9B91CB7014A0017E3AF /* Debug */,
				2BA6D9BA1CB7014A0017E3AF /* Release */,
			);
			defaultConfigurationIsVisible = 0;
			defaultConfigurationName = Release;
		};
		2BA6D9BB1CB7014A0017E3AF /* Build configuration list for PBXNativeTarget "LidarQuadSort" */ = {
			isa = XCConfigurationList;
			buildConfigurations = (
				2BA6D9BC1CB7014A0017E3AF /* Debug */,
				2BA6D9BD1CB7014A0017E3AF /* Release */,
			);
			defaultConfigurationIsVisible = 0;
			defaultConfigurationName = Release;
		};
/* End XCConfigurationList section */
	};
	rootObject = 2BA6D9AC1CB7014A0017E3AF /* Project object */;
}
